
Microsoft Visual Studio Solution File, Format Version 12.00
# Visual Studio 2013
VisualStudioVersion = 12.0.30723.0
MinimumVisualStudioVersion = 10.0.40219.1
Project("{2150E333-8FDC-42A3-9474-1A3956D46DE8}") = "Solution Items", "Solution Items", "{56A38516-44AC-4401-BF1E-AEE52259A521}"
EndProject
Project("{FAE04EC0-301F-11D3-BF4B-00C04F79EFBC}") = "RTCC", "RTCC\RTCC.csproj", "{A9102F53-8F96-4F3A-8FF8-FB5F0B5BC609}"
	ProjectSection(ProjectDependencies) = postProject
		{5AE1B5BD-C0AE-46E2-8E55-6960FAF3A846} = {5AE1B5BD-C0AE-46E2-8E55-6960FAF3A846}
		{A8DC7A1F-25AF-4935-9A23-96C610F4DE95} = {A8DC7A1F-25AF-4935-9A23-96C610F4DE95}
	EndProjectSection
EndProject
Project("{FAE04EC0-301F-11D3-BF4B-00C04F79EFBC}") = "TransactionManagementCommon", "TransactionManagmentCommon\TransactionManagementCommon.csproj", "{A8DC7A1F-25AF-4935-9A23-96C610F4DE95}"
	ProjectSection(ProjectDependencies) = postProject
		{5AE1B5BD-C0AE-46E2-8E55-6960FAF3A846} = {5AE1B5BD-C0AE-46E2-8E55-6960FAF3A846}
		{C57D09F3-983C-4508-8E34-FAD3B081B79F} = {C57D09F3-983C-4508-8E34-FAD3B081B79F}
	EndProjectSection
EndProject
Project("{FAE04EC0-301F-11D3-BF4B-00C04F79EFBC}") = "AuthorizationClientPlatforms", "AuthorizationClientPlatforms\AuthorizationClientPlatforms.csproj", "{5AE1B5BD-C0AE-46E2-8E55-6960FAF3A846}"
EndProject
Project("{FAE04EC0-301F-11D3-BF4B-00C04F79EFBC}") = "CryptographicPlatforms", "CryptographicPlatforms\CryptographicPlatforms.csproj", "{C57D09F3-983C-4508-8E34-FAD3B081B79F}"
EndProject
Project("{FAE04EC0-301F-11D3-BF4B-00C04F79EFBC}") = "TransactionManagementUnitTests", "TransactionManagementCommonUnitTests\TransactionManagementUnitTests.csproj", "{C02DD423-FFC1-4D5B-A6A2-F92E77DAFC7C}"
	ProjectSection(ProjectDependencies) = postProject
		{5AE1B5BD-C0AE-46E2-8E55-6960FAF3A846} = {5AE1B5BD-C0AE-46E2-8E55-6960FAF3A846}
		{A8DC7A1F-25AF-4935-9A23-96C610F4DE95} = {A8DC7A1F-25AF-4935-9A23-96C610F4DE95}
		{A9102F53-8F96-4F3A-8FF8-FB5F0B5BC609} = {A9102F53-8F96-4F3A-8FF8-FB5F0B5BC609}
		{C57D09F3-983C-4508-8E34-FAD3B081B79F} = {C57D09F3-983C-4508-8E34-FAD3B081B79F}
		{EB6FE2F9-897D-41B8-96EC-E3F1035DA4B6} = {EB6FE2F9-897D-41B8-96EC-E3F1035DA4B6}
	EndProjectSection
EndProject
Project("{FAE04EC0-301F-11D3-BF4B-00C04F79EFBC}") = "CCTM", "CCTM\CCTM.csproj", "{EB6FE2F9-897D-41B8-96EC-E3F1035DA4B6}"
	ProjectSection(ProjectDependencies) = postProject
		{C57D09F3-983C-4508-8E34-FAD3B081B79F} = {C57D09F3-983C-4508-8E34-FAD3B081B79F}
	EndProjectSection
EndProject
Project("{FAE04EC0-301F-11D3-BF4B-00C04F79EFBC}") = "Common", "Common\Common.csproj", "{BA9EFA9B-8E6C-4680-AE58-37C8442E7DF0}"
EndProject
Project("{FAE04EC0-301F-11D3-BF4B-00C04F79EFBC}") = "SandPit", "SandPit\SandPit.csproj", "{5DC2FFAA-2BA5-4210-A618-387418FC098C}"
EndProject
Project("{FAE04EC0-301F-11D3-BF4B-00C04F79EFBC}") = "CreatePerformanceCounters", "CreatePerformanceCounters\CreatePerformanceCounters.csproj", "{BB96E261-10C8-425B-8296-EF5D8B6F1D92}"
EndProject
Project("{FAE04EC0-301F-11D3-BF4B-00C04F79EFBC}") = "AutoDatabase", "AutoDatabase\AutoDatabase.csproj", "{DBA89E62-338A-4693-871D-7DDA97419CA2}"
EndProject
Project("{FAE04EC0-301F-11D3-BF4B-00C04F79EFBC}") = "QuerySchema", "QuerySchema\QuerySchema.csproj", "{DEDA3A16-52AC-4EBB-87F1-7BC2AE9CD3E2}"
EndProject
Project("{FAE04EC0-301F-11D3-BF4B-00C04F79EFBC}") = "MjhGeneral", "MjhGeneral\MjhGeneral.csproj", "{8681D9BC-C6AA-4FEB-8121-6F3F0D2D292C}"
EndProject
Project("{FAE04EC0-301F-11D3-BF4B-00C04F79EFBC}") = "EasyIL", "EasyIL\EasyIL.csproj", "{F69F3355-F10C-436B-8EF6-D10EC96C7B69}"
EndProject
Project("{FAE04EC0-301F-11D3-BF4B-00C04F79EFBC}") = "Refunder", "Refunder\Refunder.csproj", "{E0665E24-9379-4821-8985-078515B5CAE1}"
EndProject
Project("{FAE04EC0-301F-11D3-BF4B-00C04F79EFBC}") = "IsraelProcessor", "IsraelProcessor\IsraelProcessor.csproj", "{74FF0F22-9497-434C-8AED-099B73650E1C}"
EndProject
Global
	GlobalSection(SolutionConfigurationPlatforms) = preSolution
		Debug|Any CPU = Debug|Any CPU
		Debug|Mixed Platforms = Debug|Mixed Platforms
		Debug|x86 = Debug|x86
		Release|Any CPU = Release|Any CPU
		Release|Mixed Platforms = Release|Mixed Platforms
		Release|x86 = Release|x86
	EndGlobalSection
	GlobalSection(ProjectConfigurationPlatforms) = postSolution
		{A9102F53-8F96-4F3A-8FF8-FB5F0B5BC609}.Debug|Any CPU.ActiveCfg = Debug|Any CPU
		{A9102F53-8F96-4F3A-8FF8-FB5F0B5BC609}.Debug|Any CPU.Build.0 = Debug|Any CPU
		{A9102F53-8F96-4F3A-8FF8-FB5F0B5BC609}.Debug|Mixed Platforms.ActiveCfg = Debug|Any CPU
		{A9102F53-8F96-4F3A-8FF8-FB5F0B5BC609}.Debug|Mixed Platforms.Build.0 = Debug|Any CPU
		{A9102F53-8F96-4F3A-8FF8-FB5F0B5BC609}.Debug|x86.ActiveCfg = Debug|Any CPU
		{A9102F53-8F96-4F3A-8FF8-FB5F0B5BC609}.Release|Any CPU.ActiveCfg = Release|Any CPU
		{A9102F53-8F96-4F3A-8FF8-FB5F0B5BC609}.Release|Any CPU.Build.0 = Release|Any CPU
		{A9102F53-8F96-4F3A-8FF8-FB5F0B5BC609}.Release|Mixed Platforms.ActiveCfg = Release|Any CPU
		{A9102F53-8F96-4F3A-8FF8-FB5F0B5BC609}.Release|Mixed Platforms.Build.0 = Release|Any CPU
		{A9102F53-8F96-4F3A-8FF8-FB5F0B5BC609}.Release|x86.ActiveCfg = Release|Any CPU
		{A8DC7A1F-25AF-4935-9A23-96C610F4DE95}.Debug|Any CPU.ActiveCfg = Debug|Any CPU
		{A8DC7A1F-25AF-4935-9A23-96C610F4DE95}.Debug|Any CPU.Build.0 = Debug|Any CPU
		{A8DC7A1F-25AF-4935-9A23-96C610F4DE95}.Debug|Mixed Platforms.ActiveCfg = Debug|Any CPU
		{A8DC7A1F-25AF-4935-9A23-96C610F4DE95}.Debug|Mixed Platforms.Build.0 = Debug|Any CPU
		{A8DC7A1F-25AF-4935-9A23-96C610F4DE95}.Debug|x86.ActiveCfg = Debug|Any CPU
		{A8DC7A1F-25AF-4935-9A23-96C610F4DE95}.Release|Any CPU.ActiveCfg = Release|Any CPU
		{A8DC7A1F-25AF-4935-9A23-96C610F4DE95}.Release|Any CPU.Build.0 = Release|Any CPU
		{A8DC7A1F-25AF-4935-9A23-96C610F4DE95}.Release|Mixed Platforms.ActiveCfg = Release|Any CPU
		{A8DC7A1F-25AF-4935-9A23-96C610F4DE95}.Release|Mixed Platforms.Build.0 = Release|Any CPU
		{A8DC7A1F-25AF-4935-9A23-96C610F4DE95}.Release|x86.ActiveCfg = Release|Any CPU
		{5AE1B5BD-C0AE-46E2-8E55-6960FAF3A846}.Debug|Any CPU.ActiveCfg = Debug|Any CPU
		{5AE1B5BD-C0AE-46E2-8E55-6960FAF3A846}.Debug|Any CPU.Build.0 = Debug|Any CPU
		{5AE1B5BD-C0AE-46E2-8E55-6960FAF3A846}.Debug|Mixed Platforms.ActiveCfg = Debug|Any CPU
		{5AE1B5BD-C0AE-46E2-8E55-6960FAF3A846}.Debug|Mixed Platforms.Build.0 = Debug|Any CPU
		{5AE1B5BD-C0AE-46E2-8E55-6960FAF3A846}.Debug|x86.ActiveCfg = Debug|Any CPU
		{5AE1B5BD-C0AE-46E2-8E55-6960FAF3A846}.Release|Any CPU.ActiveCfg = Release|Any CPU
		{5AE1B5BD-C0AE-46E2-8E55-6960FAF3A846}.Release|Any CPU.Build.0 = Release|Any CPU
		{5AE1B5BD-C0AE-46E2-8E55-6960FAF3A846}.Release|Mixed Platforms.ActiveCfg = Release|Any CPU
		{5AE1B5BD-C0AE-46E2-8E55-6960FAF3A846}.Release|Mixed Platforms.Build.0 = Release|Any CPU
		{5AE1B5BD-C0AE-46E2-8E55-6960FAF3A846}.Release|x86.ActiveCfg = Release|Any CPU
		{C57D09F3-983C-4508-8E34-FAD3B081B79F}.Debug|Any CPU.ActiveCfg = Debug|Any CPU
		{C57D09F3-983C-4508-8E34-FAD3B081B79F}.Debug|Any CPU.Build.0 = Debug|Any CPU
		{C57D09F3-983C-4508-8E34-FAD3B081B79F}.Debug|Mixed Platforms.ActiveCfg = Debug|Any CPU
		{C57D09F3-983C-4508-8E34-FAD3B081B79F}.Debug|Mixed Platforms.Build.0 = Debug|Any CPU
		{C57D09F3-983C-4508-8E34-FAD3B081B79F}.Debug|x86.ActiveCfg = Debug|Any CPU
		{C57D09F3-983C-4508-8E34-FAD3B081B79F}.Release|Any CPU.ActiveCfg = Release|Any CPU
		{C57D09F3-983C-4508-8E34-FAD3B081B79F}.Release|Any CPU.Build.0 = Release|Any CPU
		{C57D09F3-983C-4508-8E34-FAD3B081B79F}.Release|Mixed Platforms.ActiveCfg = Release|Any CPU
		{C57D09F3-983C-4508-8E34-FAD3B081B79F}.Release|Mixed Platforms.Build.0 = Release|Any CPU
		{C57D09F3-983C-4508-8E34-FAD3B081B79F}.Release|x86.ActiveCfg = Release|Any CPU
		{C02DD423-FFC1-4D5B-A6A2-F92E77DAFC7C}.Debug|Any CPU.ActiveCfg = Debug|Any CPU
		{C02DD423-FFC1-4D5B-A6A2-F92E77DAFC7C}.Debug|Any CPU.Build.0 = Debug|Any CPU
		{C02DD423-FFC1-4D5B-A6A2-F92E77DAFC7C}.Debug|Mixed Platforms.ActiveCfg = Debug|Any CPU
		{C02DD423-FFC1-4D5B-A6A2-F92E77DAFC7C}.Debug|Mixed Platforms.Build.0 = Debug|Any CPU
		{C02DD423-FFC1-4D5B-A6A2-F92E77DAFC7C}.Debug|x86.ActiveCfg = Debug|Any CPU
		{C02DD423-FFC1-4D5B-A6A2-F92E77DAFC7C}.Release|Any CPU.ActiveCfg = Release|Any CPU
		{C02DD423-FFC1-4D5B-A6A2-F92E77DAFC7C}.Release|Any CPU.Build.0 = Release|Any CPU
		{C02DD423-FFC1-4D5B-A6A2-F92E77DAFC7C}.Release|Mixed Platforms.ActiveCfg = Release|Any CPU
		{C02DD423-FFC1-4D5B-A6A2-F92E77DAFC7C}.Release|Mixed Platforms.Build.0 = Release|Any CPU
		{C02DD423-FFC1-4D5B-A6A2-F92E77DAFC7C}.Release|x86.ActiveCfg = Release|Any CPU
		{EB6FE2F9-897D-41B8-96EC-E3F1035DA4B6}.Debug|Any CPU.ActiveCfg = Debug|Any CPU
		{EB6FE2F9-897D-41B8-96EC-E3F1035DA4B6}.Debug|Any CPU.Build.0 = Debug|Any CPU
		{EB6FE2F9-897D-41B8-96EC-E3F1035DA4B6}.Debug|Mixed Platforms.ActiveCfg = Debug|Any CPU
		{EB6FE2F9-897D-41B8-96EC-E3F1035DA4B6}.Debug|Mixed Platforms.Build.0 = Debug|Any CPU
		{EB6FE2F9-897D-41B8-96EC-E3F1035DA4B6}.Debug|x86.ActiveCfg = Debug|Any CPU
		{EB6FE2F9-897D-41B8-96EC-E3F1035DA4B6}.Release|Any CPU.ActiveCfg = Release|Any CPU
		{EB6FE2F9-897D-41B8-96EC-E3F1035DA4B6}.Release|Any CPU.Build.0 = Release|Any CPU
		{EB6FE2F9-897D-41B8-96EC-E3F1035DA4B6}.Release|Mixed Platforms.ActiveCfg = Release|Any CPU
		{EB6FE2F9-897D-41B8-96EC-E3F1035DA4B6}.Release|Mixed Platforms.Build.0 = Release|Any CPU
		{EB6FE2F9-897D-41B8-96EC-E3F1035DA4B6}.Release|x86.ActiveCfg = Release|Any CPU
		{BA9EFA9B-8E6C-4680-AE58-37C8442E7DF0}.Debug|Any CPU.ActiveCfg = Debug|Any CPU
		{BA9EFA9B-8E6C-4680-AE58-37C8442E7DF0}.Debug|Any CPU.Build.0 = Debug|Any CPU
		{BA9EFA9B-8E6C-4680-AE58-37C8442E7DF0}.Debug|Mixed Platforms.ActiveCfg = Debug|Any CPU
		{BA9EFA9B-8E6C-4680-AE58-37C8442E7DF0}.Debug|Mixed Platforms.Build.0 = Debug|Any CPU
		{BA9EFA9B-8E6C-4680-AE58-37C8442E7DF0}.Debug|x86.ActiveCfg = Debug|Any CPU
		{BA9EFA9B-8E6C-4680-AE58-37C8442E7DF0}.Release|Any CPU.ActiveCfg = Release|Any CPU
		{BA9EFA9B-8E6C-4680-AE58-37C8442E7DF0}.Release|Any CPU.Build.0 = Release|Any CPU
		{BA9EFA9B-8E6C-4680-AE58-37C8442E7DF0}.Release|Mixed Platforms.ActiveCfg = Release|Any CPU
		{BA9EFA9B-8E6C-4680-AE58-37C8442E7DF0}.Release|Mixed Platforms.Build.0 = Release|Any CPU
		{BA9EFA9B-8E6C-4680-AE58-37C8442E7DF0}.Release|x86.ActiveCfg = Release|Any CPU
		{5DC2FFAA-2BA5-4210-A618-387418FC098C}.Debug|Any CPU.ActiveCfg = Debug|x86
		{5DC2FFAA-2BA5-4210-A618-387418FC098C}.Debug|Mixed Platforms.ActiveCfg = Debug|x86
		{5DC2FFAA-2BA5-4210-A618-387418FC098C}.Debug|Mixed Platforms.Build.0 = Debug|x86
		{5DC2FFAA-2BA5-4210-A618-387418FC098C}.Debug|x86.ActiveCfg = Debug|x86
		{5DC2FFAA-2BA5-4210-A618-387418FC098C}.Debug|x86.Build.0 = Debug|x86
		{5DC2FFAA-2BA5-4210-A618-387418FC098C}.Release|Any CPU.ActiveCfg = Release|x86
		{5DC2FFAA-2BA5-4210-A618-387418FC098C}.Release|Mixed Platforms.ActiveCfg = Release|x86
		{5DC2FFAA-2BA5-4210-A618-387418FC098C}.Release|Mixed Platforms.Build.0 = Release|x86
		{5DC2FFAA-2BA5-4210-A618-387418FC098C}.Release|x86.ActiveCfg = Release|x86
		{5DC2FFAA-2BA5-4210-A618-387418FC098C}.Release|x86.Build.0 = Release|x86
		{BB96E261-10C8-425B-8296-EF5D8B6F1D92}.Debug|Any CPU.ActiveCfg = Debug|Any CPU
		{BB96E261-10C8-425B-8296-EF5D8B6F1D92}.Debug|Any CPU.Build.0 = Debug|Any CPU
		{BB96E261-10C8-425B-8296-EF5D8B6F1D92}.Debug|Mixed Platforms.ActiveCfg = Debug|Any CPU
		{BB96E261-10C8-425B-8296-EF5D8B6F1D92}.Debug|Mixed Platforms.Build.0 = Debug|Any CPU
		{BB96E261-10C8-425B-8296-EF5D8B6F1D92}.Debug|x86.ActiveCfg = Debug|Any CPU
		{BB96E261-10C8-425B-8296-EF5D8B6F1D92}.Release|Any CPU.ActiveCfg = Release|Any CPU
		{BB96E261-10C8-425B-8296-EF5D8B6F1D92}.Release|Any CPU.Build.0 = Release|Any CPU
		{BB96E261-10C8-425B-8296-EF5D8B6F1D92}.Release|Mixed Platforms.ActiveCfg = Release|Any CPU
		{BB96E261-10C8-425B-8296-EF5D8B6F1D92}.Release|Mixed Platforms.Build.0 = Release|Any CPU
		{BB96E261-10C8-425B-8296-EF5D8B6F1D92}.Release|x86.ActiveCfg = Release|Any CPU
		{DBA89E62-338A-4693-871D-7DDA97419CA2}.Debug|Any CPU.ActiveCfg = Debug|Any CPU
		{DBA89E62-338A-4693-871D-7DDA97419CA2}.Debug|Any CPU.Build.0 = Debug|Any CPU
		{DBA89E62-338A-4693-871D-7DDA97419CA2}.Debug|Mixed Platforms.ActiveCfg = Debug|Any CPU
		{DBA89E62-338A-4693-871D-7DDA97419CA2}.Debug|Mixed Platforms.Build.0 = Debug|Any CPU
		{DBA89E62-338A-4693-871D-7DDA97419CA2}.Debug|x86.ActiveCfg = Debug|Any CPU
		{DBA89E62-338A-4693-871D-7DDA97419CA2}.Release|Any CPU.ActiveCfg = Release|Any CPU
		{DBA89E62-338A-4693-871D-7DDA97419CA2}.Release|Any CPU.Build.0 = Release|Any CPU
		{DBA89E62-338A-4693-871D-7DDA97419CA2}.Release|Mixed Platforms.ActiveCfg = Release|Any CPU
		{DBA89E62-338A-4693-871D-7DDA97419CA2}.Release|Mixed Platforms.Build.0 = Release|Any CPU
		{DBA89E62-338A-4693-871D-7DDA97419CA2}.Release|x86.ActiveCfg = Release|Any CPU
		{DEDA3A16-52AC-4EBB-87F1-7BC2AE9CD3E2}.Debug|Any CPU.ActiveCfg = Debug|Any CPU
		{DEDA3A16-52AC-4EBB-87F1-7BC2AE9CD3E2}.Debug|Any CPU.Build.0 = Debug|Any CPU
		{DEDA3A16-52AC-4EBB-87F1-7BC2AE9CD3E2}.Debug|Mixed Platforms.ActiveCfg = Debug|Any CPU
		{DEDA3A16-52AC-4EBB-87F1-7BC2AE9CD3E2}.Debug|Mixed Platforms.Build.0 = Debug|Any CPU
		{DEDA3A16-52AC-4EBB-87F1-7BC2AE9CD3E2}.Debug|x86.ActiveCfg = Debug|Any CPU
		{DEDA3A16-52AC-4EBB-87F1-7BC2AE9CD3E2}.Release|Any CPU.ActiveCfg = Release|Any CPU
		{DEDA3A16-52AC-4EBB-87F1-7BC2AE9CD3E2}.Release|Any CPU.Build.0 = Release|Any CPU
		{DEDA3A16-52AC-4EBB-87F1-7BC2AE9CD3E2}.Release|Mixed Platforms.ActiveCfg = Release|Any CPU
		{DEDA3A16-52AC-4EBB-87F1-7BC2AE9CD3E2}.Release|Mixed Platforms.Build.0 = Release|Any CPU
		{DEDA3A16-52AC-4EBB-87F1-7BC2AE9CD3E2}.Release|x86.ActiveCfg = Release|Any CPU
		{8681D9BC-C6AA-4FEB-8121-6F3F0D2D292C}.Debug|Any CPU.ActiveCfg = Debug|Any CPU
		{8681D9BC-C6AA-4FEB-8121-6F3F0D2D292C}.Debug|Any CPU.Build.0 = Debug|Any CPU
		{8681D9BC-C6AA-4FEB-8121-6F3F0D2D292C}.Debug|Mixed Platforms.ActiveCfg = Debug|Any CPU
		{8681D9BC-C6AA-4FEB-8121-6F3F0D2D292C}.Debug|Mixed Platforms.Build.0 = Debug|Any CPU
		{8681D9BC-C6AA-4FEB-8121-6F3F0D2D292C}.Debug|x86.ActiveCfg = Debug|Any CPU
		{8681D9BC-C6AA-4FEB-8121-6F3F0D2D292C}.Release|Any CPU.ActiveCfg = Release|Any CPU
		{8681D9BC-C6AA-4FEB-8121-6F3F0D2D292C}.Release|Any CPU.Build.0 = Release|Any CPU
		{8681D9BC-C6AA-4FEB-8121-6F3F0D2D292C}.Release|Mixed Platforms.ActiveCfg = Release|Any CPU
		{8681D9BC-C6AA-4FEB-8121-6F3F0D2D292C}.Release|Mixed Platforms.Build.0 = Release|Any CPU
		{8681D9BC-C6AA-4FEB-8121-6F3F0D2D292C}.Release|x86.ActiveCfg = Release|Any CPU
		{F69F3355-F10C-436B-8EF6-D10EC96C7B69}.Debug|Any CPU.ActiveCfg = Debug|Any CPU
		{F69F3355-F10C-436B-8EF6-D10EC96C7B69}.Debug|Any CPU.Build.0 = Debug|Any CPU
		{F69F3355-F10C-436B-8EF6-D10EC96C7B69}.Debug|Mixed Platforms.ActiveCfg = Debug|Any CPU
		{F69F3355-F10C-436B-8EF6-D10EC96C7B69}.Debug|Mixed Platforms.Build.0 = Debug|Any CPU
		{F69F3355-F10C-436B-8EF6-D10EC96C7B69}.Debug|x86.ActiveCfg = Debug|Any CPU
		{F69F3355-F10C-436B-8EF6-D10EC96C7B69}.Release|Any CPU.ActiveCfg = Release|Any CPU
		{F69F3355-F10C-436B-8EF6-D10EC96C7B69}.Release|Any CPU.Build.0 = Release|Any CPU
		{F69F3355-F10C-436B-8EF6-D10EC96C7B69}.Release|Mixed Platforms.ActiveCfg = Release|Any CPU
		{F69F3355-F10C-436B-8EF6-D10EC96C7B69}.Release|Mixed Platforms.Build.0 = Release|Any CPU
		{F69F3355-F10C-436B-8EF6-D10EC96C7B69}.Release|x86.ActiveCfg = Release|Any CPU
		{E0665E24-9379-4821-8985-078515B5CAE1}.Debug|Any CPU.ActiveCfg = Debug|Any CPU
		{E0665E24-9379-4821-8985-078515B5CAE1}.Debug|Any CPU.Build.0 = Debug|Any CPU
		{E0665E24-9379-4821-8985-078515B5CAE1}.Debug|Mixed Platforms.ActiveCfg = Debug|Any CPU
		{E0665E24-9379-4821-8985-078515B5CAE1}.Debug|Mixed Platforms.Build.0 = Debug|Any CPU
		{E0665E24-9379-4821-8985-078515B5CAE1}.Debug|x86.ActiveCfg = Debug|Any CPU
		{E0665E24-9379-4821-8985-078515B5CAE1}.Release|Any CPU.ActiveCfg = Release|Any CPU
		{E0665E24-9379-4821-8985-078515B5CAE1}.Release|Any CPU.Build.0 = Release|Any CPU
		{E0665E24-9379-4821-8985-078515B5CAE1}.Release|Mixed Platforms.ActiveCfg = Release|Any CPU
		{E0665E24-9379-4821-8985-078515B5CAE1}.Release|Mixed Platforms.Build.0 = Release|Any CPU
		{E0665E24-9379-4821-8985-078515B5CAE1}.Release|x86.ActiveCfg = Release|Any CPU
		{74FF0F22-9497-434C-8AED-099B73650E1C}.Debug|Any CPU.ActiveCfg = Debug|Any CPU
		{74FF0F22-9497-434C-8AED-099B73650E1C}.Debug|Any CPU.Build.0 = Debug|Any CPU
		{74FF0F22-9497-434C-8AED-099B73650E1C}.Debug|Mixed Platforms.ActiveCfg = Debug|Any CPU
		{74FF0F22-9497-434C-8AED-099B73650E1C}.Debug|Mixed Platforms.Build.0 = Debug|Any CPU
		{74FF0F22-9497-434C-8AED-099B73650E1C}.Debug|x86.ActiveCfg = Debug|Any CPU
		{74FF0F22-9497-434C-8AED-099B73650E1C}.Release|Any CPU.ActiveCfg = Release|Any CPU
		{74FF0F22-9497-434C-8AED-099B73650E1C}.Release|Any CPU.Build.0 = Release|Any CPU
		{74FF0F22-9497-434C-8AED-099B73650E1C}.Release|Mixed Platforms.ActiveCfg = Release|Any CPU
		{74FF0F22-9497-434C-8AED-099B73650E1C}.Release|Mixed Platforms.Build.0 = Release|Any CPU
		{74FF0F22-9497-434C-8AED-099B73650E1C}.Release|x86.ActiveCfg = Release|Any CPU
	EndGlobalSection
	GlobalSection(SolutionProperties) = preSolution
		HideSolutionNode = FALSE
	EndGlobalSection
	GlobalSection(TestCaseManagementSettings) = postSolution
		CategoryFile = TransactionManagement.vsmdi
	EndGlobalSection
EndGlobal
